
Microsoft Visual Studio Solution File, Format Version 12.00
# Visual Studio Version 17
VisualStudioVersion = 17.8.34511.84
MinimumVisualStudioVersion = 10.0.40219.1
Project("{FAE04EC0-301F-11D3-BF4B-00C04F79EFBC}") = "ExamenExposicion", "ExamenExposicion.csproj", "{420A5075-3977-4F34-A3CB-A2B41D39523B}"
EndProject
Global
	GlobalSection(SolutionConfigurationPlatforms) = preSolution
		Debug|Any CPU = Debug|Any CPU
		Release|Any CPU = Release|Any CPU
	EndGlobalSection
	GlobalSection(ProjectConfigurationPlatforms) = postSolution
		{420A5075-3977-4F34-A3CB-A2B41D39523B}.Debug|Any CPU.ActiveCfg = Debug|Any CPU
		{420A5075-3977-4F34-A3CB-A2B41D39523B}.Debug|Any CPU.Build.0 = Debug|Any CPU
		{420A5075-3977-4F34-A3CB-A2B41D39523B}.Release|Any CPU.ActiveCfg = Release|Any CPU
		{420A5075-3977-4F34-A3CB-A2B41D39523B}.Release|Any CPU.Build.0 = Release|Any CPU
	EndGlobalSection
	GlobalSection(SolutionProperties) = preSolution
		HideSolutionNode = FALSE
	EndGlobalSection
	GlobalSection(ExtensibilityGlobals) = postSolution
		SolutionGuid = {C4988ABB-0B97-4058-9132-42FC90A71451}
	EndGlobalSection
EndGlobal
